# THIS IS AN AUTOGENERATED FILE. DO NOT EDIT THIS FILE DIRECTLY.
# yarn lockfile v1


"@actions/core@^1.2.7":
  version "1.2.7"
  resolved "https://registry.yarnpkg.com/@actions/core/-/core-1.2.7.tgz#594f8c45b213f0146e4be7eda8ae5cf4e198e5ab"
  integrity sha512-kzLFD5BgEvq6ubcxdgPbRKGD2Qrgya/5j+wh4LZzqT915I0V3rED+MvjH6NXghbvk1MXknpNNQ3uKjXSEN00Ig==

"@actions/exec@^1.0.4":
  version "1.0.4"
  resolved "https://registry.yarnpkg.com/@actions/exec/-/exec-1.0.4.tgz#99d75310e62e59fc37d2ee6dcff6d4bffadd3a5d"
  integrity sha512-4DPChWow9yc9W3WqEbUj8Nr86xkpyE29ZzWjXucHItclLbEW6jr80Zx4nqv18QL6KK65+cifiQZXvnqgTV6oHw==
  dependencies:
    "@actions/io" "^1.0.1"

"@actions/io@^1.0.1":
  version "1.1.0"
  resolved "https://registry.yarnpkg.com/@actions/io/-/io-1.1.0.tgz#02c98b5ed93c3331981c9a075494066400eadb7a"
  integrity sha512-PspSX7Z9zh2Fyyuf3F6BsYeXcYHfc/VJ1vwy2vouas95efHVd42M6UfBFRs+jY0uiMDXhAoUtATn9g2r1MaWBQ==
